
Microsoft Visual Studio Solution File, Format Version 12.00
# Visual Studio Version 17
VisualStudioVersion = 17.4.33403.182
MinimumVisualStudioVersion = 10.0.40219.1
Project("{FAE04EC0-301F-11D3-BF4B-00C04F79EFBC}") = "AppQuantidade.UWP", "AppQuantidade\AppQuantidade.UWP\AppQuantidade.UWP.csproj", "{DBA13C9F-E29D-4B47-ADE1-46DCA2E80723}"
EndProject
Project("{FAE04EC0-301F-11D3-BF4B-00C04F79EFBC}") = "AppQuantidade.Android", "AppQuantidade\AppQuantidade.Android\AppQuantidade.Android.csproj", "{556D6787-62D5-42B8-80A5-4E8D84C68B5E}"
EndProject
Project("{FAE04EC0-301F-11D3-BF4B-00C04F79EFBC}") = "AppQuantidade.iOS", "AppQuantidade\AppQuantidade.iOS\AppQuantidade.iOS.csproj", "{BBB4AD94-F08D-492F-A8D1-97046D5D5C12}"
EndProject
Project("{FAE04EC0-301F-11D3-BF4B-00C04F79EFBC}") = "AppQuantidade", "AppQuantidade\AppQuantidade\AppQuantidade.csproj", "{A864D610-6A41-4FA0-83DC-C32B9EFC572F}"
EndProject
Global
	GlobalSection(SolutionConfigurationPlatforms) = preSolution
		Debug|Any CPU = Debug|Any CPU
		Debug|ARM = Debug|ARM
		Debug|iPhone = Debug|iPhone
		Debug|iPhoneSimulator = Debug|iPhoneSimulator
		Debug|x64 = Debug|x64
		Debug|x86 = Debug|x86
		Release|Any CPU = Release|Any CPU
		Release|ARM = Release|ARM
		Release|iPhone = Release|iPhone
		Release|iPhoneSimulator = Release|iPhoneSimulator
		Release|x64 = Release|x64
		Release|x86 = Release|x86
	EndGlobalSection
	GlobalSection(ProjectConfigurationPlatforms) = postSolution
		{DBA13C9F-E29D-4B47-ADE1-46DCA2E80723}.Debug|Any CPU.ActiveCfg = Debug|x64
		{DBA13C9F-E29D-4B47-ADE1-46DCA2E80723}.Debug|Any CPU.Build.0 = Debug|x64
		{DBA13C9F-E29D-4B47-ADE1-46DCA2E80723}.Debug|Any CPU.Deploy.0 = Debug|x64
		{DBA13C9F-E29D-4B47-ADE1-46DCA2E80723}.Debug|ARM.ActiveCfg = Debug|ARM
		{DBA13C9F-E29D-4B47-ADE1-46DCA2E80723}.Debug|ARM.Build.0 = Debug|ARM
		{DBA13C9F-E29D-4B47-ADE1-46DCA2E80723}.Debug|ARM.Deploy.0 = Debug|ARM
		{DBA13C9F-E29D-4B47-ADE1-46DCA2E80723}.Debug|iPhone.ActiveCfg = Debug|x64
		{DBA13C9F-E29D-4B47-ADE1-46DCA2E80723}.Debug|iPhone.Build.0 = Debug|x64
		{DBA13C9F-E29D-4B47-ADE1-46DCA2E80723}.Debug|iPhone.Deploy.0 = Debug|x64
		{DBA13C9F-E29D-4B47-ADE1-46DCA2E80723}.Debug|iPhoneSimulator.ActiveCfg = Debug|x64
		{DBA13C9F-E29D-4B47-ADE1-46DCA2E80723}.Debug|iPhoneSimulator.Build.0 = Debug|x64
		{DBA13C9F-E29D-4B47-ADE1-46DCA2E80723}.Debug|iPhoneSimulator.Deploy.0 = Debug|x64
		{DBA13C9F-E29D-4B47-ADE1-46DCA2E80723}.Debug|x64.ActiveCfg = Debug|x64
		{DBA13C9F-E29D-4B47-ADE1-46DCA2E80723}.Debug|x64.Build.0 = Debug|x64
		{DBA13C9F-E29D-4B47-ADE1-46DCA2E80723}.Debug|x64.Deploy.0 = Debug|x64
		{DBA13C9F-E29D-4B47-ADE1-46DCA2E80723}.Debug|x86.ActiveCfg = Debug|x86
		{DBA13C9F-E29D-4B47-ADE1-46DCA2E80723}.Debug|x86.Build.0 = Debug|x86
		{DBA13C9F-E29D-4B47-ADE1-46DCA2E80723}.Debug|x86.Deploy.0 = Debug|x86
		{DBA13C9F-E29D-4B47-ADE1-46DCA2E80723}.Release|Any CPU.ActiveCfg = Release|x64
		{DBA13C9F-E29D-4B47-ADE1-46DCA2E80723}.Release|Any CPU.Build.0 = Release|x64
		{DBA13C9F-E29D-4B47-ADE1-46DCA2E80723}.Release|Any CPU.Deploy.0 = Release|x64
		{DBA13C9F-E29D-4B47-ADE1-46DCA2E80723}.Release|ARM.ActiveCfg = Release|ARM
		{DBA13C9F-E29D-4B47-ADE1-46DCA2E80723}.Release|ARM.Build.0 = Release|ARM
		{DBA13C9F-E29D-4B47-ADE1-46DCA2E80723}.Release|ARM.Deploy.0 = Release|ARM
		{DBA13C9F-E29D-4B47-ADE1-46DCA2E80723}.Release|iPhone.ActiveCfg = Release|x64
		{DBA13C9F-E29D-4B47-ADE1-46DCA2E80723}.Release|iPhone.Build.0 = Release|x64
		{DBA13C9F-E29D-4B47-ADE1-46DCA2E80723}.Release|iPhone.Deploy.0 = Release|x64
		{DBA13C9F-E29D-4B47-ADE1-46DCA2E80723}.Release|iPhoneSimulator.ActiveCfg = Release|x64
		{DBA13C9F-E29D-4B47-ADE1-46DCA2E80723}.Release|iPhoneSimulator.Build.0 = Release|x64
		{DBA13C9F-E29D-4B47-ADE1-46DCA2E80723}.Release|iPhoneSimulator.Deploy.0 = Release|x64
		{DBA13C9F-E29D-4B47-ADE1-46DCA2E80723}.Release|x64.ActiveCfg = Release|x64
		{DBA13C9F-E29D-4B47-ADE1-46DCA2E80723}.Release|x64.Build.0 = Release|x64
		{DBA13C9F-E29D-4B47-ADE1-46DCA2E80723}.Release|x64.Deploy.0 = Release|x64
		{DBA13C9F-E29D-4B47-ADE1-46DCA2E80723}.Release|x86.ActiveCfg = Release|x86
		{DBA13C9F-E29D-4B47-ADE1-46DCA2E80723}.Release|x86.Build.0 = Release|x86
		{DBA13C9F-E29D-4B47-ADE1-46DCA2E80723}.Release|x86.Deploy.0 = Release|x86
		{556D6787-62D5-42B8-80A5-4E8D84C68B5E}.Debug|Any CPU.ActiveCfg = Debug|Any CPU
		{556D6787-62D5-42B8-80A5-4E8D84C68B5E}.Debug|Any CPU.Build.0 = Debug|Any CPU
		{556D6787-62D5-42B8-80A5-4E8D84C68B5E}.Debug|Any CPU.Deploy.0 = Debug|Any CPU
		{556D6787-62D5-42B8-80A5-4E8D84C68B5E}.Debug|ARM.ActiveCfg = Debug|Any CPU
		{556D6787-62D5-42B8-80A5-4E8D84C68B5E}.Debug|ARM.Build.0 = Debug|Any CPU
		{556D6787-62D5-42B8-80A5-4E8D84C68B5E}.Debug|ARM.Deploy.0 = Debug|Any CPU
		{556D6787-62D5-42B8-80A5-4E8D84C68B5E}.Debug|iPhone.ActiveCfg = Debug|Any CPU
		{556D6787-62D5-42B8-80A5-4E8D84C68B5E}.Debug|iPhone.Build.0 = Debug|Any CPU
		{556D6787-62D5-42B8-80A5-4E8D84C68B5E}.Debug|iPhone.Deploy.0 = Debug|Any CPU
		{556D6787-62D5-42B8-80A5-4E8D84C68B5E}.Debug|iPhoneSimulator.ActiveCfg = Debug|Any CPU
		{556D6787-62D5-42B8-80A5-4E8D84C68B5E}.Debug|iPhoneSimulator.Build.0 = Debug|Any CPU
		{556D6787-62D5-42B8-80A5-4E8D84C68B5E}.Debug|iPhoneSimulator.Deploy.0 = Debug|Any CPU
		{556D6787-62D5-42B8-80A5-4E8D84C68B5E}.Debug|x64.ActiveCfg = Debug|Any CPU
		{556D6787-62D5-42B8-80A5-4E8D84C68B5E}.Debug|x64.Build.0 = Debug|Any CPU
		{556D6787-62D5-42B8-80A5-4E8D84C68B5E}.Debug|x64.Deploy.0 = Debug|Any CPU
		{556D6787-62D5-42B8-80A5-4E8D84C68B5E}.Debug|x86.ActiveCfg = Debug|Any CPU
		{556D6787-62D5-42B8-80A5-4E8D84C68B5E}.Debug|x86.Build.0 = Debug|Any CPU
		{556D6787-62D5-42B8-80A5-4E8D84C68B5E}.Debug|x86.Deploy.0 = Debug|Any CPU
		{556D6787-62D5-42B8-80A5-4E8D84C68B5E}.Release|Any CPU.ActiveCfg = Release|Any CPU
		{556D6787-62D5-42B8-80A5-4E8D84C68B5E}.Release|Any CPU.Build.0 = Release|Any CPU
		{556D6787-62D5-42B8-80A5-4E8D84C68B5E}.Release|Any CPU.Deploy.0 = Release|Any CPU
		{556D6787-62D5-42B8-80A5-4E8D84C68B5E}.Release|ARM.ActiveCfg = Release|Any CPU
		{556D6787-62D5-42B8-80A5-4E8D84C68B5E}.Release|ARM.Build.0 = Release|Any CPU
		{556D6787-62D5-42B8-80A5-4E8D84C68B5E}.Release|ARM.Deploy.0 = Release|Any CPU
		{556D6787-62D5-42B8-80A5-4E8D84C68B5E}.Release|iPhone.ActiveCfg = Release|Any CPU
		{556D6787-62D5-42B8-80A5-4E8D84C68B5E}.Release|iPhone.Build.0 = Release|Any CPU
		{556D6787-62D5-42B8-80A5-4E8D84C68B5E}.Release|iPhone.Deploy.0 = Release|Any CPU
		{556D6787-62D5-42B8-80A5-4E8D84C68B5E}.Release|iPhoneSimulator.ActiveCfg = Release|Any CPU
		{556D6787-62D5-42B8-80A5-4E8D84C68B5E}.Release|iPhoneSimulator.Build.0 = Release|Any CPU
		{556D6787-62D5-42B8-80A5-4E8D84C68B5E}.Release|iPhoneSimulator.Deploy.0 = Release|Any CPU
		{556D6787-62D5-42B8-80A5-4E8D84C68B5E}.Release|x64.ActiveCfg = Release|Any CPU
		{556D6787-62D5-42B8-80A5-4E8D84C68B5E}.Release|x64.Build.0 = Release|Any CPU
		{556D6787-62D5-42B8-80A5-4E8D84C68B5E}.Release|x64.Deploy.0 = Release|Any CPU
		{556D6787-62D5-42B8-80A5-4E8D84C68B5E}.Release|x86.ActiveCfg = Release|Any CPU
		{556D6787-62D5-42B8-80A5-4E8D84C68B5E}.Release|x86.Build.0 = Release|Any CPU
		{556D6787-62D5-42B8-80A5-4E8D84C68B5E}.Release|x86.Deploy.0 = Release|Any CPU
		{BBB4AD94-F08D-492F-A8D1-97046D5D5C12}.Debug|Any CPU.ActiveCfg = Debug|iPhoneSimulator
		{BBB4AD94-F08D-492F-A8D1-97046D5D5C12}.Debug|Any CPU.Build.0 = Debug|iPhoneSimulator
		{BBB4AD94-F08D-492F-A8D1-97046D5D5C12}.Debug|Any CPU.Deploy.0 = Debug|iPhoneSimulator
		{BBB4AD94-F08D-492F-A8D1-97046D5D5C12}.Debug|ARM.ActiveCfg = Debug|iPhoneSimulator
		{BBB4AD94-F08D-492F-A8D1-97046D5D5C12}.Debug|ARM.Build.0 = Debug|iPhoneSimulator
		{BBB4AD94-F08D-492F-A8D1-97046D5D5C12}.Debug|ARM.Deploy.0 = Debug|iPhoneSimulator
		{BBB4AD94-F08D-492F-A8D1-97046D5D5C12}.Debug|iPhone.ActiveCfg = Debug|iPhone
		{BBB4AD94-F08D-492F-A8D1-97046D5D5C12}.Debug|iPhone.Build.0 = Debug|iPhone
		{BBB4AD94-F08D-492F-A8D1-97046D5D5C12}.Debug|iPhone.Deploy.0 = Debug|iPhone
		{BBB4AD94-F08D-492F-A8D1-97046D5D5C12}.Debug|iPhoneSimulator.ActiveCfg = Debug|iPhoneSimulator
		{BBB4AD94-F08D-492F-A8D1-97046D5D5C12}.Debug|iPhoneSimulator.Build.0 = Debug|iPhoneSimulator
		{BBB4AD94-F08D-492F-A8D1-97046D5D5C12}.Debug|iPhoneSimulator.Deploy.0 = Debug|iPhoneSimulator
		{BBB4AD94-F08D-492F-A8D1-97046D5D5C12}.Debug|x64.ActiveCfg = Debug|iPhone
		{BBB4AD94-F08D-492F-A8D1-97046D5D5C12}.Debug|x64.Build.0 = Debug|iPhone
		{BBB4AD94-F08D-492F-A8D1-97046D5D5C12}.Debug|x64.Deploy.0 = Debug|iPhone
		{BBB4AD94-F08D-492F-A8D1-97046D5D5C12}.Debug|x86.ActiveCfg = Debug|iPhoneSimulator
		{BBB4AD94-F08D-492F-A8D1-97046D5D5C12}.Debug|x86.Build.0 = Debug|iPhoneSimulator
		{BBB4AD94-F08D-492F-A8D1-97046D5D5C12}.Debug|x86.Deploy.0 = Debug|iPhoneSimulator
		{BBB4AD94-F08D-492F-A8D1-97046D5D5C12}.Release|Any CPU.ActiveCfg = Release|iPhoneSimulator
		{BBB4AD94-F08D-492F-A8D1-97046D5D5C12}.Release|Any CPU.Build.0 = Release|iPhoneSimulator
		{BBB4AD94-F08D-492F-A8D1-97046D5D5C12}.Release|Any CPU.Deploy.0 = Release|iPhoneSimulator
		{BBB4AD94-F08D-492F-A8D1-97046D5D5C12}.Release|ARM.ActiveCfg = Release|iPhoneSimulator
		{BBB4AD94-F08D-492F-A8D1-97046D5D5C12}.Release|ARM.Build.0 = Release|iPhoneSimulator
		{BBB4AD94-F08D-492F-A8D1-97046D5D5C12}.Release|ARM.Deploy.0 = Release|iPhoneSimulator
		{BBB4AD94-F08D-492F-A8D1-97046D5D5C12}.Release|iPhone.ActiveCfg = Release|iPhone
		{BBB4AD94-F08D-492F-A8D1-97046D5D5C12}.Release|iPhone.Build.0 = Release|iPhone
		{BBB4AD94-F08D-492F-A8D1-97046D5D5C12}.Release|iPhone.Deploy.0 = Release|iPhone
		{BBB4AD94-F08D-492F-A8D1-97046D5D5C12}.Release|iPhoneSimulator.ActiveCfg = Release|iPhoneSimulator
		{BBB4AD94-F08D-492F-A8D1-97046D5D5C12}.Release|iPhoneSimulator.Build.0 = Release|iPhoneSimulator
		{BBB4AD94-F08D-492F-A8D1-97046D5D5C12}.Release|iPhoneSimulator.Deploy.0 = Release|iPhoneSimulator
		{BBB4AD94-F08D-492F-A8D1-97046D5D5C12}.Release|x64.ActiveCfg = Release|iPhoneSimulator
		{BBB4AD94-F08D-492F-A8D1-97046D5D5C12}.Release|x64.Build.0 = Release|iPhoneSimulator
		{BBB4AD94-F08D-492F-A8D1-97046D5D5C12}.Release|x64.Deploy.0 = Release|iPhoneSimulator
		{BBB4AD94-F08D-492F-A8D1-97046D5D5C12}.Release|x86.ActiveCfg = Release|iPhoneSimulator
		{BBB4AD94-F08D-492F-A8D1-97046D5D5C12}.Release|x86.Build.0 = Release|iPhoneSimulator
		{BBB4AD94-F08D-492F-A8D1-97046D5D5C12}.Release|x86.Deploy.0 = Release|iPhoneSimulator
		{A864D610-6A41-4FA0-83DC-C32B9EFC572F}.Debug|Any CPU.ActiveCfg = Debug|Any CPU
		{A864D610-6A41-4FA0-83DC-C32B9EFC572F}.Debug|Any CPU.Build.0 = Debug|Any CPU
		{A864D610-6A41-4FA0-83DC-C32B9EFC572F}.Debug|Any CPU.Deploy.0 = Debug|Any CPU
		{A864D610-6A41-4FA0-83DC-C32B9EFC572F}.Debug|ARM.ActiveCfg = Debug|Any CPU
		{A864D610-6A41-4FA0-83DC-C32B9EFC572F}.Debug|ARM.Build.0 = Debug|Any CPU
		{A864D610-6A41-4FA0-83DC-C32B9EFC572F}.Debug|ARM.Deploy.0 = Debug|Any CPU
		{A864D610-6A41-4FA0-83DC-C32B9EFC572F}.Debug|iPhone.ActiveCfg = Debug|Any CPU
		{A864D610-6A41-4FA0-83DC-C32B9EFC572F}.Debug|iPhone.Build.0 = Debug|Any CPU
		{A864D610-6A41-4FA0-83DC-C32B9EFC572F}.Debug|iPhone.Deploy.0 = Debug|Any CPU
		{A864D610-6A41-4FA0-83DC-C32B9EFC572F}.Debug|iPhoneSimulator.ActiveCfg = Debug|Any CPU
		{A864D610-6A41-4FA0-83DC-C32B9EFC572F}.Debug|iPhoneSimulator.Build.0 = Debug|Any CPU
		{A864D610-6A41-4FA0-83DC-C32B9EFC572F}.Debug|iPhoneSimulator.Deploy.0 = Debug|Any CPU
		{A864D610-6A41-4FA0-83DC-C32B9EFC572F}.Debug|x64.ActiveCfg = Debug|Any CPU
		{A864D610-6A41-4FA0-83DC-C32B9EFC572F}.Debug|x64.Build.0 = Debug|Any CPU
		{A864D610-6A41-4FA0-83DC-C32B9EFC572F}.Debug|x64.Deploy.0 = Debug|Any CPU
		{A864D610-6A41-4FA0-83DC-C32B9EFC572F}.Debug|x86.ActiveCfg = Debug|Any CPU
		{A864D610-6A41-4FA0-83DC-C32B9EFC572F}.Debug|x86.Build.0 = Debug|Any CPU
		{A864D610-6A41-4FA0-83DC-C32B9EFC572F}.Debug|x86.Deploy.0 = Debug|Any CPU
		{A864D610-6A41-4FA0-83DC-C32B9EFC572F}.Release|Any CPU.ActiveCfg = Release|Any CPU
		{A864D610-6A41-4FA0-83DC-C32B9EFC572F}.Release|Any CPU.Build.0 = Release|Any CPU
		{A864D610-6A41-4FA0-83DC-C32B9EFC572F}.Release|Any CPU.Deploy.0 = Release|Any CPU
		{A864D610-6A41-4FA0-83DC-C32B9EFC572F}.Release|ARM.ActiveCfg = Release|Any CPU
		{A864D610-6A41-4FA0-83DC-C32B9EFC572F}.Release|ARM.Build.0 = Release|Any CPU
		{A864D610-6A41-4FA0-83DC-C32B9EFC572F}.Release|ARM.Deploy.0 = Release|Any CPU
		{A864D610-6A41-4FA0-83DC-C32B9EFC572F}.Release|iPhone.ActiveCfg = Release|Any CPU
		{A864D610-6A41-4FA0-83DC-C32B9EFC572F}.Release|iPhone.Build.0 = Release|Any CPU
		{A864D610-6A41-4FA0-83DC-C32B9EFC572F}.Release|iPhone.Deploy.0 = Release|Any CPU
		{A864D610-6A41-4FA0-83DC-C32B9EFC572F}.Release|iPhoneSimulator.ActiveCfg = Release|Any CPU
		{A864D610-6A41-4FA0-83DC-C32B9EFC572F}.Release|iPhoneSimulator.Build.0 = Release|Any CPU
		{A864D610-6A41-4FA0-83DC-C32B9EFC572F}.Release|iPhoneSimulator.Deploy.0 = Release|Any CPU
		{A864D610-6A41-4FA0-83DC-C32B9EFC572F}.Release|x64.ActiveCfg = Release|Any CPU
		{A864D610-6A41-4FA0-83DC-C32B9EFC572F}.Release|x64.Build.0 = Release|Any CPU
		{A864D610-6A41-4FA0-83DC-C32B9EFC572F}.Release|x64.Deploy.0 = Release|Any CPU
		{A864D610-6A41-4FA0-83DC-C32B9EFC572F}.Release|x86.ActiveCfg = Release|Any CPU
		{A864D610-6A41-4FA0-83DC-C32B9EFC572F}.Release|x86.Build.0 = Release|Any CPU
		{A864D610-6A41-4FA0-83DC-C32B9EFC572F}.Release|x86.Deploy.0 = Release|Any CPU
	EndGlobalSection
	GlobalSection(SolutionProperties) = preSolution
		HideSolutionNode = FALSE
	EndGlobalSection
	GlobalSection(ExtensibilityGlobals) = postSolution
		SolutionGuid = {586B0FB9-D5C1-4960-A990-A73F55FF6A04}
	EndGlobalSection
EndGlobal
